Microsoft Visual Studio Solution File, Format Version 12.00
# Visual Studio Version 17
VisualStudioVersion = 17.5.002.0
MinimumVisualStudioVersion = 10.0.40219.1
Project("{2150E333-8FDC-42A3-9474-1A3956D46DE8}") = "csharp-prep", "csharp-prep", "{144D2163-1057-45AD-B965-69D4088FE8F1}"
EndProject
Project("{9A19103F-16F7-4668-BE54-9A1E7A4F7556}") = "Prep1", "csharp-prep\Prep1\Prep1.csproj", "{31C1F347-0200-4250-B721-D05CFCF84B94}"
EndProject
Project("{9A19103F-16F7-4668-BE54-9A1E7A4F7556}") = "Prep2", "csharp-prep\Prep2\Prep2.csproj", "{D3FB396F-BC3F-4A76-84DF-DA4ADBD57D73}"
EndProject
Project("{9A19103F-16F7-4668-BE54-9A1E7A4F7556}") = "Prep3", "csharp-prep\Prep3\Prep3.csproj", "{5E951794-8C18-4653-8C23-353364A49639}"
EndProject
Project("{9A19103F-16F7-4668-BE54-9A1E7A4F7556}") = "Prep4", "csharp-prep\Prep4\Prep4.csproj", "{F1778931-745D-4F6E-A88A-9E56D034CA0D}"
EndProject
Project("{9A19103F-16F7-4668-BE54-9A1E7A4F7556}") = "Prep5", "csharp-prep\Prep5\Prep5.csproj", "{6A206B94-C882-48DB-ABC0-4F87C35D0ACD}"
EndProject
Project("{2150E333-8FDC-42A3-9474-1A3956D46DE8}") = "final", "final", "{AA94D5B4-2B27-4FE0-9ADC-A4856D2F676D}"
EndProject
Project("{9A19103F-16F7-4668-BE54-9A1E7A4F7556}") = "FinalProject", "final\FinalProject\FinalProject.csproj", "{4C619E25-8533-44EF-B3A4-99FFFDD5B380}"
EndProject
Project("{9A19103F-16F7-4668-BE54-9A1E7A4F7556}") = "Foundation1", "final\Foundation1\Foundation1.csproj", "{937B428B-B01F-404D-8B90-90286265C463}"
EndProject
Project("{9A19103F-16F7-4668-BE54-9A1E7A4F7556}") = "Foundation2", "final\Foundation2\Foundation2.csproj", "{EAB957A2-2565-45DD-9C85-21EE64793BCB}"
EndProject
Project("{9A19103F-16F7-4668-BE54-9A1E7A4F7556}") = "Foundation3", "final\Foundation3\Foundation3.csproj", "{C1EFF36B-42FF-4EC4-A182-3EE8EBAC022B}"
EndProject
Project("{9A19103F-16F7-4668-BE54-9A1E7A4F7556}") = "Foundation4", "final\Foundation4\Foundation4.csproj", "{F5F7B601-4AD7-4600-8F79-EDC70BBF86F6}"
EndProject
Project("{2150E333-8FDC-42A3-9474-1A3956D46DE8}") = "prepare", "prepare", "{11A2E2AF-03D7-4E70-BB60-222CD15C1D44}"
EndProject
Project("{9A19103F-16F7-4668-BE54-9A1E7A4F7556}") = "Learning02", "prepare\Learning02\Learning02.csproj", "{A87F3F47-745D-4838-9D10-06B5197DD70C}"
EndProject
Project("{9A19103F-16F7-4668-BE54-9A1E7A4F7556}") = "Learning03", "prepare\Learning03\Learning03.csproj", "{2814C0B2-C1F2-4A48-B7E1-F42AE5549C51}"
EndProject
Project("{9A19103F-16F7-4668-BE54-9A1E7A4F7556}") = "Learning04", "prepare\Learning04\Learning04.csproj", "{7F96B0B9-E0D4-4F09-9710-C6BF04260C90}"
EndProject
Project("{9A19103F-16F7-4668-BE54-9A1E7A4F7556}") = "Learning05", "prepare\Learning05\Learning05.csproj", "{8C69087B-47D0-4F5A-8B52-74BC8B4B2BD4}"
EndProject
Project("{2150E333-8FDC-42A3-9474-1A3956D46DE8}") = "prove", "prove", "{C1047971-2AFE-49D6-AFC4-DFB2B0C8BEEB}"
EndProject
Project("{9A19103F-16F7-4668-BE54-9A1E7A4F7556}") = "Develop02", "prove\Develop02\Develop02.csproj", "{DD07BF86-9F75-479F-9D2E-0B81378DBBBF}"
EndProject
Project("{9A19103F-16F7-4668-BE54-9A1E7A4F7556}") = "Develop03", "prove\Develop03\Develop03.csproj", "{8CC44043-0AEA-4A9E-886B-B776B725757E}"
EndProject
Project("{9A19103F-16F7-4668-BE54-9A1E7A4F7556}") = "Develop04", "prove\Develop04\Develop04.csproj", "{C16324B2-B0D9-4285-9E26-7533FC8C757A}"
EndProject
Project("{9A19103F-16F7-4668-BE54-9A1E7A4F7556}") = "Develop05", "prove\Develop05\Develop05.csproj", "{760E82D5-485B-4CB8-A9D3-7C1926A7538B}"
EndProject
Project("{2150E333-8FDC-42A3-9474-1A3956D46DE8}") = "sandbox", "sandbox", "{E6256E3F-48A9-49F3-B941-6058F739FBC0}"
EndProject
Project("{9A19103F-16F7-4668-BE54-9A1E7A4F7556}") = "Sandbox", "sandbox\Sandbox\Sandbox.csproj", "{C15471A6-7085-4E94-B788-912A5449B1BF}"
EndProject
Global
	GlobalSection(SolutionConfigurationPlatforms) = preSolution
		Debug|Any CPU = Debug|Any CPU
		Release|Any CPU = Release|Any CPU
	EndGlobalSection
	GlobalSection(ProjectConfigurationPlatforms) = postSolution
		{31C1F347-0200-4250-B721-D05CFCF84B94}.Debug|Any CPU.ActiveCfg = Debug|Any CPU
		{31C1F347-0200-4250-B721-D05CFCF84B94}.Debug|Any CPU.Build.0 = Debug|Any CPU
		{31C1F347-0200-4250-B721-D05CFCF84B94}.Release|Any CPU.ActiveCfg = Release|Any CPU
		{31C1F347-0200-4250-B721-D05CFCF84B94}.Release|Any CPU.Build.0 = Release|Any CPU
		{D3FB396F-BC3F-4A76-84DF-DA4ADBD57D73}.Debug|Any CPU.ActiveCfg = Debug|Any CPU
		{D3FB396F-BC3F-4A76-84DF-DA4ADBD57D73}.Debug|Any CPU.Build.0 = Debug|Any CPU
		{D3FB396F-BC3F-4A76-84DF-DA4ADBD57D73}.Release|Any CPU.ActiveCfg = Release|Any CPU
		{D3FB396F-BC3F-4A76-84DF-DA4ADBD57D73}.Release|Any CPU.Build.0 = Release|Any CPU
		{5E951794-8C18-4653-8C23-353364A49639}.Debug|Any CPU.ActiveCfg = Debug|Any CPU
		{5E951794-8C18-4653-8C23-353364A49639}.Debug|Any CPU.Build.0 = Debug|Any CPU
		{5E951794-8C18-4653-8C23-353364A49639}.Release|Any CPU.ActiveCfg = Release|Any CPU
		{5E951794-8C18-4653-8C23-353364A49639}.Release|Any CPU.Build.0 = Release|Any CPU
		{F1778931-745D-4F6E-A88A-9E56D034CA0D}.Debug|Any CPU.ActiveCfg = Debug|Any CPU
		{F1778931-745D-4F6E-A88A-9E56D034CA0D}.Debug|Any CPU.Build.0 = Debug|Any CPU
		{F1778931-745D-4F6E-A88A-9E56D034CA0D}.Release|Any CPU.ActiveCfg = Release|Any CPU
		{F1778931-745D-4F6E-A88A-9E56D034CA0D}.Release|Any CPU.Build.0 = Release|Any CPU
		{6A206B94-C882-48DB-ABC0-4F87C35D0ACD}.Debug|Any CPU.ActiveCfg = Debug|Any CPU
		{6A206B94-C882-48DB-ABC0-4F87C35D0ACD}.Debug|Any CPU.Build.0 = Debug|Any CPU
		{6A206B94-C882-48DB-ABC0-4F87C35D0ACD}.Release|Any CPU.ActiveCfg = Release|Any CPU
		{6A206B94-C882-48DB-ABC0-4F87C35D0ACD}.Release|Any CPU.Build.0 = Release|Any CPU
		{4C619E25-8533-44EF-B3A4-99FFFDD5B380}.Debug|Any CPU.ActiveCfg = Debug|Any CPU
		{4C619E25-8533-44EF-B3A4-99FFFDD5B380}.Debug|Any CPU.Build.0 = Debug|Any CPU
		{4C619E25-8533-44EF-B3A4-99FFFDD5B380}.Release|Any CPU.ActiveCfg = Release|Any CPU
		{4C619E25-8533-44EF-B3A4-99FFFDD5B380}.Release|Any CPU.Build.0 = Release|Any CPU
		{937B428B-B01F-404D-8B90-90286265C463}.Debug|Any CPU.ActiveCfg = Debug|Any CPU
		{937B428B-B01F-404D-8B90-90286265C463}.Debug|Any CPU.Build.0 = Debug|Any CPU
		{937B428B-B01F-404D-8B90-90286265C463}.Release|Any CPU.ActiveCfg = Release|Any CPU
		{937B428B-B01F-404D-8B90-90286265C463}.Release|Any CPU.Build.0 = Release|Any CPU
		{EAB957A2-2565-45DD-9C85-21EE64793BCB}.Debug|Any CPU.ActiveCfg = Debug|Any CPU
		{EAB957A2-2565-45DD-9C85-21EE64793BCB}.Debug|Any CPU.Build.0 = Debug|Any CPU
		{EAB957A2-2565-45DD-9C85-21EE64793BCB}.Release|Any CPU.ActiveCfg = Release|Any CPU
		{EAB957A2-2565-45DD-9C85-21EE64793BCB}.Release|Any CPU.Build.0 = Release|Any CPU
		{C1EFF36B-42FF-4EC4-A182-3EE8EBAC022B}.Debug|Any CPU.ActiveCfg = Debug|Any CPU
		{C1EFF36B-42FF-4EC4-A182-3EE8EBAC022B}.Debug|Any CPU.Build.0 = Debug|Any CPU
		{C1EFF36B-42FF-4EC4-A182-3EE8EBAC022B}.Release|Any CPU.ActiveCfg = Release|Any CPU
		{C1EFF36B-42FF-4EC4-A182-3EE8EBAC022B}.Release|Any CPU.Build.0 = Release|Any CPU
		{F5F7B601-4AD7-4600-8F79-EDC70BBF86F6}.Debug|Any CPU.ActiveCfg = Debug|Any CPU
		{F5F7B601-4AD7-4600-8F79-EDC70BBF86F6}.Debug|Any CPU.Build.0 = Debug|Any CPU
		{F5F7B601-4AD7-4600-8F79-EDC70BBF86F6}.Release|Any CPU.ActiveCfg = Release|Any CPU
		{F5F7B601-4AD7-4600-8F79-EDC70BBF86F6}.Release|Any CPU.Build.0 = Release|Any CPU
		{A87F3F47-745D-4838-9D10-06B5197DD70C}.Debug|Any CPU.ActiveCfg = Debug|Any CPU
		{A87F3F47-745D-4838-9D10-06B5197DD70C}.Debug|Any CPU.Build.0 = Debug|Any CPU
		{A87F3F47-745D-4838-9D10-06B5197DD70C}.Release|Any CPU.ActiveCfg = Release|Any CPU
		{A87F3F47-745D-4838-9D10-06B5197DD70C}.Release|Any CPU.Build.0 = Release|Any CPU
		{2814C0B2-C1F2-4A48-B7E1-F42AE5549C51}.Debug|Any CPU.ActiveCfg = Debug|Any CPU
		{2814C0B2-C1F2-4A48-B7E1-F42AE5549C51}.Debug|Any CPU.Build.0 = Debug|Any CPU
		{2814C0B2-C1F2-4A48-B7E1-F42AE5549C51}.Release|Any CPU.ActiveCfg = Release|Any CPU
		{2814C0B2-C1F2-4A48-B7E1-F42AE5549C51}.Release|Any CPU.Build.0 = Release|Any CPU
		{7F96B0B9-E0D4-4F09-9710-C6BF04260C90}.Debug|Any CPU.ActiveCfg = Debug|Any CPU
		{7F96B0B9-E0D4-4F09-9710-C6BF04260C90}.Debug|Any CPU.Build.0 = Debug|Any CPU
		{7F96B0B9-E0D4-4F09-9710-C6BF04260C90}.Release|Any CPU.ActiveCfg = Release|Any CPU
		{7F96B0B9-E0D4-4F09-9710-C6BF04260C90}.Release|Any CPU.Build.0 = Release|Any CPU
		{8C69087B-47D0-4F5A-8B52-74BC8B4B2BD4}.Debug|Any CPU.ActiveCfg = Debug|Any CPU
		{8C69087B-47D0-4F5A-8B52-74BC8B4B2BD4}.Debug|Any CPU.Build.0 = Debug|Any CPU
		{8C69087B-47D0-4F5A-8B52-74BC8B4B2BD4}.Release|Any CPU.ActiveCfg = Release|Any CPU
		{8C69087B-47D0-4F5A-8B52-74BC8B4B2BD4}.Release|Any CPU.Build.0 = Release|Any CPU
		{DD07BF86-9F75-479F-9D2E-0B81378DBBBF}.Debug|Any CPU.ActiveCfg = Debug|Any CPU
		{DD07BF86-9F75-479F-9D2E-0B81378DBBBF}.Debug|Any CPU.Build.0 = Debug|Any CPU
		{DD07BF86-9F75-479F-9D2E-0B81378DBBBF}.Release|Any CPU.ActiveCfg = Release|Any CPU
		{DD07BF86-9F75-479F-9D2E-0B81378DBBBF}.Release|Any CPU.Build.0 = Release|Any CPU
		{8CC44043-0AEA-4A9E-886B-B776B725757E}.Debug|Any CPU.ActiveCfg = Debug|Any CPU
		{8CC44043-0AEA-4A9E-886B-B776B725757E}.Debug|Any CPU.Build.0 = Debug|Any CPU
		{8CC44043-0AEA-4A9E-886B-B776B725757E}.Release|Any CPU.ActiveCfg = Release|Any CPU
		{8CC44043-0AEA-4A9E-886B-B776B725757E}.Release|Any CPU.Build.0 = Release|Any CPU
		{C16324B2-B0D9-4285-9E26-7533FC8C757A}.Debug|Any CPU.ActiveCfg = Debug|Any CPU
		{C16324B2-B0D9-4285-9E26-7533FC8C757A}.Debug|Any CPU.Build.0 = Debug|Any CPU
		{C16324B2-B0D9-4285-9E26-7533FC8C757A}.Release|Any CPU.ActiveCfg = Release|Any CPU
		{C16324B2-B0D9-4285-9E26-7533FC8C757A}.Release|Any CPU.Build.0 = Release|Any CPU
		{760E82D5-485B-4CB8-A9D3-7C1926A7538B}.Debug|Any CPU.ActiveCfg = Debug|Any CPU
		{760E82D5-485B-4CB8-A9D3-7C1926A7538B}.Debug|Any CPU.Build.0 = Debug|Any CPU
		{760E82D5-485B-4CB8-A9D3-7C1926A7538B}.Release|Any CPU.ActiveCfg = Release|Any CPU
		{760E82D5-485B-4CB8-A9D3-7C1926A7538B}.Release|Any CPU.Build.0 = Release|Any CPU
		{C15471A6-7085-4E94-B788-912A5449B1BF}.Debug|Any CPU.ActiveCfg = Debug|Any CPU
		{C15471A6-7085-4E94-B788-912A5449B1BF}.Debug|Any CPU.Build.0 = Debug|Any CPU
		{C15471A6-7085-4E94-B788-912A5449B1BF}.Release|Any CPU.ActiveCfg = Release|Any CPU
		{C15471A6-7085-4E94-B788-912A5449B1BF}.Release|Any CPU.Build.0 = Release|Any CPU
	EndGlobalSection
	GlobalSection(SolutionProperties) = preSolution
		HideSolutionNode = FALSE
	EndGlobalSection
	GlobalSection(NestedProjects) = preSolution
		{31C1F347-0200-4250-B721-D05CFCF84B94} = {144D2163-1057-45AD-B965-69D4088FE8F1}
		{D3FB396F-BC3F-4A76-84DF-DA4ADBD57D73} = {144D2163-1057-45AD-B965-69D4088FE8F1}
		{5E951794-8C18-4653-8C23-353364A49639} = {144D2163-1057-45AD-B965-69D4088FE8F1}
		{F1778931-745D-4F6E-A88A-9E56D034CA0D} = {144D2163-1057-45AD-B965-69D4088FE8F1}
		{6A206B94-C882-48DB-ABC0-4F87C35D0ACD} = {144D2163-1057-45AD-B965-69D4088FE8F1}
		{4C619E25-8533-44EF-B3A4-99FFFDD5B380} = {AA94D5B4-2B27-4FE0-9ADC-A4856D2F676D}
		{937B428B-B01F-404D-8B90-90286265C463} = {AA94D5B4-2B27-4FE0-9ADC-A4856D2F676D}
		{EAB957A2-2565-45DD-9C85-21EE64793BCB} = {AA94D5B4-2B27-4FE0-9ADC-A4856D2F676D}
		{C1EFF36B-42FF-4EC4-A182-3EE8EBAC022B} = {AA94D5B4-2B27-4FE0-9ADC-A4856D2F676D}
		{F5F7B601-4AD7-4600-8F79-EDC70BBF86F6} = {AA94D5B4-2B27-4FE0-9ADC-A4856D2F676D}
		{A87F3F47-745D-4838-9D10-06B5197DD70C} = {11A2E2AF-03D7-4E70-BB60-222CD15C1D44}
		{2814C0B2-C1F2-4A48-B7E1-F42AE5549C51} = {11A2E2AF-03D7-4E70-BB60-222CD15C1D44}
		{7F96B0B9-E0D4-4F09-9710-C6BF04260C90} = {11A2E2AF-03D7-4E70-BB60-222CD15C1D44}
		{8C69087B-47D0-4F5A-8B52-74BC8B4B2BD4} = {11A2E2AF-03D7-4E70-BB60-222CD15C1D44}
		{DD07BF86-9F75-479F-9D2E-0B81378DBBBF} = {C1047971-2AFE-49D6-AFC4-DFB2B0C8BEEB}
		{8CC44043-0AEA-4A9E-886B-B776B725757E} = {C1047971-2AFE-49D6-AFC4-DFB2B0C8BEEB}
		{C16324B2-B0D9-4285-9E26-7533FC8C757A} = {C1047971-2AFE-49D6-AFC4-DFB2B0C8BEEB}
		{760E82D5-485B-4CB8-A9D3-7C1926A7538B} = {C1047971-2AFE-49D6-AFC4-DFB2B0C8BEEB}
		{C15471A6-7085-4E94-B788-912A5449B1BF} = {E6256E3F-48A9-49F3-B941-6058F739FBC0}
	EndGlobalSection
	GlobalSection(ExtensibilityGlobals) = postSolution
		SolutionGuid = {2441A13E-5483-478B-A7EB-C4797D31FC77}
	EndGlobalSection
EndGlobal
